// !$*UTF8*$!
{
	archiveVersion = 1;
	classes = {
	};
	objectVersion = 56;
	objects = {

/* Begin PBXBuildFile section */
		B05357D52C9412DD00FCD3A2 /* Color+.swift in Sources */ = {isa = PBXBuildFile; fileRef = B05357D42C9412DD00FCD3A2 /* Color+.swift */; };
		B05357D72C94454600FCD3A2 /* CalendarView.swift in Sources */ = {isa = PBXBuildFile; fileRef = B05357D62C94454600FCD3A2 /* CalendarView.swift */; };
		B05357DB2C945A2700FCD3A2 /* BubbleView.swift in Sources */ = {isa = PBXBuildFile; fileRef = B05357DA2C945A2700FCD3A2 /* BubbleView.swift */; };
		B05357DD2C94680F00FCD3A2 /* TabBarView.swift in Sources */ = {isa = PBXBuildFile; fileRef = B05357DC2C94680E00FCD3A2 /* TabBarView.swift */; };
		B05357E12C95706F00FCD3A2 /* HomeCalendarView.swift in Sources */ = {isa = PBXBuildFile; fileRef = B05357E02C95706F00FCD3A2 /* HomeCalendarView.swift */; };
		B0535BFB2C95A37D00C7F9CD /* PublicHolidayModel.swift in Sources */ = {isa = PBXBuildFile; fileRef = B0535BFA2C95A37D00C7F9CD /* PublicHolidayModel.swift */; };
		B0535BFE2C95A3B200C7F9CD /* NetworkManager.swift in Sources */ = {isa = PBXBuildFile; fileRef = B0535BFD2C95A3B200C7F9CD /* NetworkManager.swift */; };
		B0535C002C95B51E00C7F9CD /* ContentView.swift in Sources */ = {isa = PBXBuildFile; fileRef = B0535BFF2C95B51E00C7F9CD /* ContentView.swift */; };
		B0535C032C95C55B00C7F9CD /* DiaryModel.swift in Sources */ = {isa = PBXBuildFile; fileRef = B0535C022C95C55B00C7F9CD /* DiaryModel.swift */; };
		B0535C052C96C86400C7F9CD /* WriteDiaryView.swift in Sources */ = {isa = PBXBuildFile; fileRef = B0535C042C96C86400C7F9CD /* WriteDiaryView.swift */; };
		B0535C072C96DEAE00C7F9CD /* FloatingMenu.swift in Sources */ = {isa = PBXBuildFile; fileRef = B0535C062C96DEAE00C7F9CD /* FloatingMenu.swift */; };
		B0FBD51A2C940DE3009CC9FC /* TimetravelDiaryApp.swift in Sources */ = {isa = PBXBuildFile; fileRef = B0FBD5192C940DE3009CC9FC /* TimetravelDiaryApp.swift */; };
		B0FBD51C2C940DE3009CC9FC /* PricaticContentView.swift in Sources */ = {isa = PBXBuildFile; fileRef = B0FBD51B2C940DE3009CC9FC /* PricaticContentView.swift */; };
		B0FBD51E2C940DE4009CC9FC /* Assets.xcassets in Resources */ = {isa = PBXBuildFile; fileRef = B0FBD51D2C940DE4009CC9FC /* Assets.xcassets */; };
		B0FBD5212C940DE4009CC9FC /* Preview Assets.xcassets in Resources */ = {isa = PBXBuildFile; fileRef = B0FBD5202C940DE4009CC9FC /* Preview Assets.xcassets */; };
		B0FBD52A2C940EC4009CC9FC /* GradientBackgroundView.swift in Sources */ = {isa = PBXBuildFile; fileRef = B0FBD5292C940EC4009CC9FC /* GradientBackgroundView.swift */; };
/* End PBXBuildFile section */

/* Begin PBXFileReference section */
		B05357D42C9412DD00FCD3A2 /* Color+.swift */ = {isa = PBXFileReference; lastKnownFileType = sourcecode.swift; path = "Color+.swift"; sourceTree = "<group>"; };
		B05357D62C94454600FCD3A2 /* CalendarView.swift */ = {isa = PBXFileReference; lastKnownFileType = sourcecode.swift; path = CalendarView.swift; sourceTree = "<group>"; };
		B05357DA2C945A2700FCD3A2 /* BubbleView.swift */ = {isa = PBXFileReference; lastKnownFileType = sourcecode.swift; path = BubbleView.swift; sourceTree = "<group>"; };
		B05357DC2C94680E00FCD3A2 /* TabBarView.swift */ = {isa = PBXFileReference; lastKnownFileType = sourcecode.swift; path = TabBarView.swift; sourceTree = "<group>"; };
		B05357E02C95706F00FCD3A2 /* HomeCalendarView.swift */ = {isa = PBXFileReference; lastKnownFileType = sourcecode.swift; path = HomeCalendarView.swift; sourceTree = "<group>"; };
		B0535BFA2C95A37D00C7F9CD /* PublicHolidayModel.swift */ = {isa = PBXFileReference; lastKnownFileType = sourcecode.swift; path = PublicHolidayModel.swift; sourceTree = "<group>"; };
		B0535BFD2C95A3B200C7F9CD /* NetworkManager.swift */ = {isa = PBXFileReference; lastKnownFileType = sourcecode.swift; path = NetworkManager.swift; sourceTree = "<group>"; };
		B0535BFF2C95B51E00C7F9CD /* ContentView.swift */ = {isa = PBXFileReference; lastKnownFileType = sourcecode.swift; path = ContentView.swift; sourceTree = "<group>"; };
		B0535C022C95C55B00C7F9CD /* DiaryModel.swift */ = {isa = PBXFileReference; lastKnownFileType = sourcecode.swift; path = DiaryModel.swift; sourceTree = "<group>"; };
		B0535C042C96C86400C7F9CD /* WriteDiaryView.swift */ = {isa = PBXFileReference; lastKnownFileType = sourcecode.swift; path = WriteDiaryView.swift; sourceTree = "<group>"; };
		B0535C062C96DEAE00C7F9CD /* FloatingMenu.swift */ = {isa = PBXFileReference; lastKnownFileType = sourcecode.swift; path = FloatingMenu.swift; sourceTree = "<group>"; };
		B0FBD5162C940DE3009CC9FC /* TimetravelDiary.app */ = {isa = PBXFileReference; explicitFileType = wrapper.application; includeInIndex = 0; path = TimetravelDiary.app; sourceTree = BUILT_PRODUCTS_DIR; };
		B0FBD5192C940DE3009CC9FC /* TimetravelDiaryApp.swift */ = {isa = PBXFileReference; lastKnownFileType = sourcecode.swift; path = TimetravelDiaryApp.swift; sourceTree = "<group>"; };
		B0FBD51B2C940DE3009CC9FC /* PricaticContentView.swift */ = {isa = PBXFileReference; lastKnownFileType = sourcecode.swift; path = PricaticContentView.swift; sourceTree = "<group>"; };
		B0FBD51D2C940DE4009CC9FC /* Assets.xcassets */ = {isa = PBXFileReference; lastKnownFileType = folder.assetcatalog; path = Assets.xcassets; sourceTree = "<group>"; };
		B0FBD5202C940DE4009CC9FC /* Preview Assets.xcassets */ = {isa = PBXFileReference; lastKnownFileType = folder.assetcatalog; path = "Preview Assets.xcassets"; sourceTree = "<group>"; };
		B0FBD5292C940EC4009CC9FC /* GradientBackgroundView.swift */ = {isa = PBXFileReference; lastKnownFileType = sourcecode.swift; path = GradientBackgroundView.swift; sourceTree = "<group>"; };
/* End PBXFileReference section */

/* Begin PBXFrameworksBuildPhase section */
		B0FBD5132C940DE3009CC9FC /* Frameworks */ = {
			isa = PBXFrameworksBuildPhase;
			buildActionMask = 2147483647;
			files = (
			);
			runOnlyForDeploymentPostprocessing = 0;
		};
/* End PBXFrameworksBuildPhase section */

/* Begin PBXGroup section */
		B05357D22C940FB800FCD3A2 /* ViewModifier */ = {
			isa = PBXGroup;
			children = (
				B0FBD5292C940EC4009CC9FC /* GradientBackgroundView.swift */,
			);
			path = ViewModifier;
			sourceTree = "<group>";
		};
		B05357D32C9412D400FCD3A2 /* Extension */ = {
			isa = PBXGroup;
			children = (
				B05357D42C9412DD00FCD3A2 /* Color+.swift */,
			);
			path = Extension;
			sourceTree = "<group>";
		};
		B0535BF92C95A36400C7F9CD /* RequestModel */ = {
			isa = PBXGroup;
			children = (
				B0535BFA2C95A37D00C7F9CD /* PublicHolidayModel.swift */,
			);
			path = RequestModel;
			sourceTree = "<group>";
		};
		B0535BFC2C95A39F00C7F9CD /* NetwrokManater */ = {
			isa = PBXGroup;
			children = (
				B0535BFD2C95A3B200C7F9CD /* NetworkManager.swift */,
			);
			path = NetwrokManater;
			sourceTree = "<group>";
		};
		B0535C012C95C54F00C7F9CD /* Model */ = {
			isa = PBXGroup;
			children = (
				B0535C022C95C55B00C7F9CD /* DiaryModel.swift */,
			);
			path = Model;
			sourceTree = "<group>";
		};
		B0FBD50D2C940DE3009CC9FC = {
			isa = PBXGroup;
			children = (
				B0FBD5182C940DE3009CC9FC /* TimetravelDiary */,
				B0FBD5172C940DE3009CC9FC /* Products */,
			);
			sourceTree = "<group>";
		};
		B0FBD5172C940DE3009CC9FC /* Products */ = {
			isa = PBXGroup;
			children = (
				B0FBD5162C940DE3009CC9FC /* TimetravelDiary.app */,
			);
			name = Products;
			sourceTree = "<group>";
		};
		B0FBD5182C940DE3009CC9FC /* TimetravelDiary */ = {
			isa = PBXGroup;
			children = (
				B0535C012C95C54F00C7F9CD /* Model */,
				B0535BFC2C95A39F00C7F9CD /* NetwrokManater */,
				B0535BF92C95A36400C7F9CD /* RequestModel */,
				B05357D32C9412D400FCD3A2 /* Extension */,
				B05357D22C940FB800FCD3A2 /* ViewModifier */,
				B0FBD5192C940DE3009CC9FC /* TimetravelDiaryApp.swift */,
				B0FBD51B2C940DE3009CC9FC /* PricaticContentView.swift */,
				B0535BFF2C95B51E00C7F9CD /* ContentView.swift */,
				B05357E02C95706F00FCD3A2 /* HomeCalendarView.swift */,
				B0535C042C96C86400C7F9CD /* WriteDiaryView.swift */,
				B0535C062C96DEAE00C7F9CD /* FloatingMenu.swift */,
				B05357DC2C94680E00FCD3A2 /* TabBarView.swift */,
				B0FBD51D2C940DE4009CC9FC /* Assets.xcassets */,
				B0FBD51F2C940DE4009CC9FC /* Preview Content */,
				B05357D62C94454600FCD3A2 /* CalendarView.swift */,
				B05357DA2C945A2700FCD3A2 /* BubbleView.swift */,
			);
			path = TimetravelDiary;
			sourceTree = "<group>";
		};
		B0FBD51F2C940DE4009CC9FC /* Preview Content */ = {
			isa = PBXGroup;
			children = (
				B0FBD5202C940DE4009CC9FC /* Preview Assets.xcassets */,
			);
			path = "Preview Content";
			sourceTree = "<group>";
		};
/* End PBXGroup section */

/* Begin PBXNativeTarget section */
		B0FBD5152C940DE3009CC9FC /* TimetravelDiary */ = {
			isa = PBXNativeTarget;
			buildConfigurationList = B0FBD5242C940DE4009CC9FC /* Build configuration list for PBXNativeTarget "TimetravelDiary" */;
			buildPhases = (
				B0FBD5122C940DE3009CC9FC /* Sources */,
				B0FBD5132C940DE3009CC9FC /* Frameworks */,
				B0FBD5142C940DE3009CC9FC /* Resources */,
			);
			buildRules = (
			);
			dependencies = (
			);
			name = TimetravelDiary;
			productName = TimetravelDiary;
			productReference = B0FBD5162C940DE3009CC9FC /* TimetravelDiary.app */;
			productType = "com.apple.product-type.application";
		};
/* End PBXNativeTarget section */

/* Begin PBXProject section */
		B0FBD50E2C940DE3009CC9FC /* Project object */ = {
			isa = PBXProject;
			attributes = {
				BuildIndependentTargetsInParallel = 1;
				LastSwiftUpdateCheck = 1540;
				LastUpgradeCheck = 1540;
				TargetAttributes = {
					B0FBD5152C940DE3009CC9FC = {
						CreatedOnToolsVersion = 15.4;
					};
				};
			};
			buildConfigurationList = B0FBD5112C940DE3009CC9FC /* Build configuration list for PBXProject "TimetravelDiary" */;
			compatibilityVersion = "Xcode 14.0";
			developmentRegion = en;
			hasScannedForEncodings = 0;
			knownRegions = (
				en,
				Base,
			);
			mainGroup = B0FBD50D2C940DE3009CC9FC;
			productRefGroup = B0FBD5172C940DE3009CC9FC /* Products */;
			projectDirPath = "";
			projectRoot = "";
			targets = (
				B0FBD5152C940DE3009CC9FC /* TimetravelDiary */,
			);
		};
/* End PBXProject section */

/* Begin PBXResourcesBuildPhase section */
		B0FBD5142C940DE3009CC9FC /* Resources */ = {
			isa = PBXResourcesBuildPhase;
			buildActionMask = 2147483647;
			files = (
				B0FBD5212C940DE4009CC9FC /* Preview Assets.xcassets in Resources */,
				B0FBD51E2C940DE4009CC9FC /* Assets.xcassets in Resources */,
			);
			runOnlyForDeploymentPostprocessing = 0;
		};
/* End PBXResourcesBuildPhase section */

/* Begin PBXSourcesBuildPhase section */
		B0FBD5122C940DE3009CC9FC /* Sources */ = {
			isa = PBXSourcesBuildPhase;
			buildActionMask = 2147483647;
			files = (
				B05357DB2C945A2700FCD3A2 /* BubbleView.swift in Sources */,
				B0535C032C95C55B00C7F9CD /* DiaryModel.swift in Sources */,
				B0535C002C95B51E00C7F9CD /* ContentView.swift in Sources */,
				B0FBD52A2C940EC4009CC9FC /* GradientBackgroundView.swift in Sources */,
				B0535C052C96C86400C7F9CD /* WriteDiaryView.swift in Sources */,
				B0535BFE2C95A3B200C7F9CD /* NetworkManager.swift in Sources */,
				B05357DD2C94680F00FCD3A2 /* TabBarView.swift in Sources */,
				B05357D52C9412DD00FCD3A2 /* Color+.swift in Sources */,
				B0FBD51C2C940DE3009CC9FC /* PricaticContentView.swift in Sources */,
				B05357D72C94454600FCD3A2 /* CalendarView.swift in Sources */,
				B0535C072C96DEAE00C7F9CD /* FloatingMenu.swift in Sources */,
				B0FBD51A2C940DE3009CC9FC /* TimetravelDiaryApp.swift in Sources */,
				B05357E12C95706F00FCD3A2 /* HomeCalendarView.swift in Sources */,
				B0535BFB2C95A37D00C7F9CD /* PublicHolidayModel.swift in Sources */,
			);
			runOnlyForDeploymentPostprocessing = 0;
		};
/* End PBXSourcesBuildPhase section */

/* Begin XCBuildConfiguration section */
		B0FBD5222C940DE4009CC9FC /* Debug */ = {
			isa = XCBuildConfiguration;
			buildSettings = {
				ALWAYS_SEARCH_USER_PATHS = NO;
				ASSETCATALOG_COMPILER_GENERATE_SWIFT_ASSET_SYMBOL_EXTENSIONS = YES;
				CLANG_ANALYZER_NONNULL = YES;
				CLANG_ANALYZER_NUMBER_OBJECT_CONVERSION = YES_AGGRESSIVE;
				CLANG_CXX_LANGUAGE_STANDARD = "gnu++20";
				CLANG_ENABLE_MODULES = YES;
				CLANG_ENABLE_OBJC_ARC = YES;
				CLANG_ENABLE_OBJC_WEAK = YES;
				CLANG_WARN_BLOCK_CAPTURE_AUTORELEASING = YES;
				CLANG_WARN_BOOL_CONVERSION = YES;
				CLANG_WARN_COMMA = YES;
				CLANG_WARN_CONSTANT_CONVERSION = YES;
				CLANG_WARN_DEPRECATED_OBJC_IMPLEMENTATIONS = YES;
				CLANG_WARN_DIRECT_OBJC_ISA_USAGE = YES_ERROR;
				CLANG_WARN_DOCUMENTATION_COMMENTS = YES;
				CLANG_WARN_EMPTY_BODY = YES;
				CLANG_WARN_ENUM_CONVERSION = YES;
				CLANG_WARN_INFINITE_RECURSION = YES;
				CLANG_WARN_INT_CONVERSION = YES;
				CLANG_WARN_NON_LITERAL_NULL_CONVERSION = YES;
				CLANG_WARN_OBJC_IMPLICIT_RETAIN_SELF = YES;
				CLANG_WARN_OBJC_LITERAL_CONVERSION = YES;
				CLANG_WARN_OBJC_ROOT_CLASS = YES_ERROR;
				CLANG_WARN_QUOTED_INCLUDE_IN_FRAMEWORK_HEADER = YES;
				CLANG_WARN_RANGE_LOOP_ANALYSIS = YES;
				CLANG_WARN_STRICT_PROTOTYPES = YES;
				CLANG_WARN_SUSPICIOUS_MOVE = YES;
				CLANG_WARN_UNGUARDED_AVAILABILITY = YES_AGGRESSIVE;
				CLANG_WARN_UNREACHABLE_CODE = YES;
				CLANG_WARN__DUPLICATE_METHOD_MATCH = YES;
				COPY_PHASE_STRIP = NO;
				DEBUG_INFORMATION_FORMAT = dwarf;
				ENABLE_STRICT_OBJC_MSGSEND = YES;
				ENABLE_TESTABILITY = YES;
				ENABLE_USER_SCRIPT_SANDBOXING = YES;
				GCC_C_LANGUAGE_STANDARD = gnu17;
				GCC_DYNAMIC_NO_PIC = NO;
				GCC_NO_COMMON_BLOCKS = YES;
				GCC_OPTIMIZATION_LEVEL = 0;
				GCC_PREPROCESSOR_DEFINITIONS = (
					"DEBUG=1",
					"$(inherited)",
				);
				GCC_WARN_64_TO_32_BIT_CONVERSION = YES;
				GCC_WARN_ABOUT_RETURN_TYPE = YES_ERROR;
				GCC_WARN_UNDECLARED_SELECTOR = YES;
				GCC_WARN_UNINITIALIZED_AUTOS = YES_AGGRESSIVE;
				GCC_WARN_UNUSED_FUNCTION = YES;
				GCC_WARN_UNUSED_VARIABLE = YES;
				IPHONEOS_DEPLOYMENT_TARGET = 17.5;
				LOCALIZATION_PREFERS_STRING_CATALOGS = YES;
				MTL_ENABLE_DEBUG_INFO = INCLUDE_SOURCE;
				MTL_FAST_MATH = YES;
				ONLY_ACTIVE_ARCH = YES;
				SDKROOT = iphoneos;
				SWIFT_ACTIVE_COMPILATION_CONDITIONS = "DEBUG $(inherited)";
				SWIFT_OPTIMIZATION_LEVEL = "-Onone";
			};
			name = Debug;
		};
		B0FBD5232C940DE4009CC9FC /* Release */ = {
			isa = XCBuildConfiguration;
			buildSettings = {
				ALWAYS_SEARCH_USER_PATHS = NO;
				ASSETCATALOG_COMPILER_GENERATE_SWIFT_ASSET_SYMBOL_EXTENSIONS = YES;
				CLANG_ANALYZER_NONNULL = YES;
				CLANG_ANALYZER_NUMBER_OBJECT_CONVERSION = YES_AGGRESSIVE;
				CLANG_CXX_LANGUAGE_STANDARD = "gnu++20";
				CLANG_ENABLE_MODULES = YES;
				CLANG_ENABLE_OBJC_ARC = YES;
				CLANG_ENABLE_OBJC_WEAK = YES;
				CLANG_WARN_BLOCK_CAPTURE_AUTORELEASING = YES;
				CLANG_WARN_BOOL_CONVERSION = YES;
				CLANG_WARN_COMMA = YES;
				CLANG_WARN_CONSTANT_CONVERSION = YES;
				CLANG_WARN_DEPRECATED_OBJC_IMPLEMENTATIONS = YES;
				CLANG_WARN_DIRECT_OBJC_ISA_USAGE = YES_ERROR;
				CLANG_WARN_DOCUMENTATION_COMMENTS = YES;
				CLANG_WARN_EMPTY_BODY = YES;
				CLANG_WARN_ENUM_CONVERSION = YES;
				CLANG_WARN_INFINITE_RECURSION = YES;
				CLANG_WARN_INT_CONVERSION = YES;
				CLANG_WARN_NON_LITERAL_NULL_CONVERSION = YES;
				CLANG_WARN_OBJC_IMPLICIT_RETAIN_SELF = YES;
				CLANG_WARN_OBJC_LITERAL_CONVERSION = YES;
				CLANG_WARN_OBJC_ROOT_CLASS = YES_ERROR;
				CLANG_WARN_QUOTED_INCLUDE_IN_FRAMEWORK_HEADER = YES;
				CLANG_WARN_RANGE_LOOP_ANALYSIS = YES;
				CLANG_WARN_STRICT_PROTOTYPES = YES;
				CLANG_WARN_SUSPICIOUS_MOVE = YES;
				CLANG_WARN_UNGUARDED_AVAILABILITY = YES_AGGRESSIVE;
				CLANG_WARN_UNREACHABLE_CODE = YES;
				CLANG_WARN__DUPLICATE_METHOD_MATCH = YES;
				COPY_PHASE_STRIP = NO;
				DEBUG_INFORMATION_FORMAT = "dwarf-with-dsym";
				ENABLE_NS_ASSERTIONS = NO;
				ENABLE_STRICT_OBJC_MSGSEND = YES;
				ENABLE_USER_SCRIPT_SANDBOXING = YES;
				GCC_C_LANGUAGE_STANDARD = gnu17;
				GCC_NO_COMMON_BLOCKS = YES;
				GCC_WARN_64_TO_32_BIT_CONVERSION = YES;
				GCC_WARN_ABOUT_RETURN_TYPE = YES_ERROR;
				GCC_WARN_UNDECLARED_SELECTOR = YES;
				GCC_WARN_UNINITIALIZED_AUTOS = YES_AGGRESSIVE;
				GCC_WARN_UNUSED_FUNCTION = YES;
				GCC_WARN_UNUSED_VARIABLE = YES;
				IPHONEOS_DEPLOYMENT_TARGET = 17.5;
				LOCALIZATION_PREFERS_STRING_CATALOGS = YES;
				MTL_ENABLE_DEBUG_INFO = NO;
				MTL_FAST_MATH = YES;
				SDKROOT = iphoneos;
				SWIFT_COMPILATION_MODE = wholemodule;
				VALIDATE_PRODUCT = YES;
			};
			name = Release;
		};
		B0FBD5252C940DE4009CC9FC /* Debug */ = {
			isa = XCBuildConfiguration;
			buildSettings = {
				ASSETCATALOG_COMPILER_APPICON_NAME = AppIcon;
				ASSETCATALOG_COMPILER_GLOBAL_ACCENT_COLOR_NAME = AccentColor;
				CODE_SIGN_STYLE = Automatic;
				CURRENT_PROJECT_VERSION = 1;
				DEVELOPMENT_ASSET_PATHS = "\"TimetravelDiary/Preview Content\"";
				DEVELOPMENT_TEAM = V4KT333NUG;
				ENABLE_PREVIEWS = YES;
				GENERATE_INFOPLIST_FILE = YES;
				INFOPLIST_KEY_UIApplicationSceneManifest_Generation = YES;
				INFOPLIST_KEY_UIApplicationSupportsIndirectInputEvents = YES;
				INFOPLIST_KEY_UILaunchScreen_Generation = YES;
				INFOPLIST_KEY_UISupportedInterfaceOrientations_iPad = "UIInterfaceOrientationPortrait UIInterfaceOrientationPortraitUpsideDown UIInterfaceOrientationLandscapeLeft UIInterfaceOrientationLandscapeRight";
				INFOPLIST_KEY_UISupportedInterfaceOrientations_iPhone = "UIInterfaceOrientationPortrait UIInterfaceOrientationLandscapeLeft UIInterfaceOrientationLandscapeRight";
				LD_RUNPATH_SEARCH_PATHS = (
					"$(inherited)",
					"@executable_path/Frameworks",
				);
				MARKETING_VERSION = 1.0;
				PRODUCT_BUNDLE_IDENTIFIER = com.mileyJump.TimetravelDiary;
				PRODUCT_NAME = "$(TARGET_NAME)";
				SWIFT_EMIT_LOC_STRINGS = YES;
				SWIFT_VERSION = 5.0;
				TARGETED_DEVICE_FAMILY = "1,2";
			};
			name = Debug;
		};
		B0FBD5262C940DE4009CC9FC /* Release */ = {
			isa = XCBuildConfiguration;
			buildSettings = {
				ASSETCATALOG_COMPILER_APPICON_NAME = AppIcon;
				ASSETCATALOG_COMPILER_GLOBAL_ACCENT_COLOR_NAME = AccentColor;
				CODE_SIGN_STYLE = Automatic;
				CURRENT_PROJECT_VERSION = 1;
				DEVELOPMENT_ASSET_PATHS = "\"TimetravelDiary/Preview Content\"";
				DEVELOPMENT_TEAM = V4KT333NUG;
				ENABLE_PREVIEWS = YES;
				GENERATE_INFOPLIST_FILE = YES;
				INFOPLIST_KEY_UIApplicationSceneManifest_Generation = YES;
				INFOPLIST_KEY_UIApplicationSupportsIndirectInputEvents = YES;
				INFOPLIST_KEY_UILaunchScreen_Generation = YES;
				INFOPLIST_KEY_UISupportedInterfaceOrientations_iPad = "UIInterfaceOrientationPortrait UIInterfaceOrientationPortraitUpsideDown UIInterfaceOrientationLandscapeLeft UIInterfaceOrientationLandscapeRight";
				INFOPLIST_KEY_UISupportedInterfaceOrientations_iPhone = "UIInterfaceOrientationPortrait UIInterfaceOrientationLandscapeLeft UIInterfaceOrientationLandscapeRight";
				LD_RUNPATH_SEARCH_PATHS = (
					"$(inherited)",
					"@executable_path/Frameworks",
				);
				MARKETING_VERSION = 1.0;
				PRODUCT_BUNDLE_IDENTIFIER = com.mileyJump.TimetravelDiary;
				PRODUCT_NAME = "$(TARGET_NAME)";
				SWIFT_EMIT_LOC_STRINGS = YES;
				SWIFT_VERSION = 5.0;
				TARGETED_DEVICE_FAMILY = "1,2";
			};
			name = Release;
		};
/* End XCBuildConfiguration section */

/* Begin XCConfigurationList section */
		B0FBD5112C940DE3009CC9FC /* Build configuration list for PBXProject "TimetravelDiary" */ = {
			isa = XCConfigurationList;
			buildConfigurations = (
				B0FBD5222C940DE4009CC9FC /* Debug */,
				B0FBD5232C940DE4009CC9FC /* Release */,
			);
			defaultConfigurationIsVisible = 0;
			defaultConfigurationName = Release;
		};
		B0FBD5242C940DE4009CC9FC /* Build configuration list for PBXNativeTarget "TimetravelDiary" */ = {
			isa = XCConfigurationList;
			buildConfigurations = (
				B0FBD5252C940DE4009CC9FC /* Debug */,
				B0FBD5262C940DE4009CC9FC /* Release */,
			);
			defaultConfigurationIsVisible = 0;
			defaultConfigurationName = Release;
		};
/* End XCConfigurationList section */
	};
	rootObject = B0FBD50E2C940DE3009CC9FC /* Project object */;
}
