// !$*UTF8*$!
{
	archiveVersion = 1;
	classes = {
	};
	objectVersion = 56;
	objects = {

/* Begin PBXBuildFile section */
		B005764C2CBE3EF8002FF1E7 /* ReadView.swift in Sources */ = {isa = PBXBuildFile; fileRef = B005764B2CBE3EF8002FF1E7 /* ReadView.swift */; };
		B005765D2CC399CD002FF1E7 /* CustomToastView.swift in Sources */ = {isa = PBXBuildFile; fileRef = B005765C2CC399CD002FF1E7 /* CustomToastView.swift */; };
		B01BBC452D566F9B00E41AA0 /* BackButtonModifier.swift in Sources */ = {isa = PBXBuildFile; fileRef = B01BBC442D566F9B00E41AA0 /* BackButtonModifier.swift */; };
		B01BBC472D57801C00E41AA0 /* VoiceRecordView.swift in Sources */ = {isa = PBXBuildFile; fileRef = B01BBC462D57801C00E41AA0 /* VoiceRecordView.swift */; };
		B01BBC492D61D94600E41AA0 /* AudioManager.swift in Sources */ = {isa = PBXBuildFile; fileRef = B01BBC482D61D94600E41AA0 /* AudioManager.swift */; };
		B05357D52C9412DD00FCD3A2 /* Color+.swift in Sources */ = {isa = PBXBuildFile; fileRef = B05357D42C9412DD00FCD3A2 /* Color+.swift */; };
		B05357D72C94454600FCD3A2 /* CalendarView.swift in Sources */ = {isa = PBXBuildFile; fileRef = B05357D62C94454600FCD3A2 /* CalendarView.swift */; };
		B05357E12C95706F00FCD3A2 /* HomeCalendarView.swift in Sources */ = {isa = PBXBuildFile; fileRef = B05357E02C95706F00FCD3A2 /* HomeCalendarView.swift */; };
		B0535BFB2C95A37D00C7F9CD /* PublicHolidayModel.swift in Sources */ = {isa = PBXBuildFile; fileRef = B0535BFA2C95A37D00C7F9CD /* PublicHolidayModel.swift */; };
		B0535BFE2C95A3B200C7F9CD /* NetworkManager.swift in Sources */ = {isa = PBXBuildFile; fileRef = B0535BFD2C95A3B200C7F9CD /* NetworkManager.swift */; };
		B0535C002C95B51E00C7F9CD /* MainTabBar.swift in Sources */ = {isa = PBXBuildFile; fileRef = B0535BFF2C95B51E00C7F9CD /* MainTabBar.swift */; };
		B0535C052C96C86400C7F9CD /* WriteDiaryView.swift in Sources */ = {isa = PBXBuildFile; fileRef = B0535C042C96C86400C7F9CD /* WriteDiaryView.swift */; };
		B0535C072C96DEAE00C7F9CD /* FloatingMenu.swift in Sources */ = {isa = PBXBuildFile; fileRef = B0535C062C96DEAE00C7F9CD /* FloatingMenu.swift */; };
		B0535C092C970EEA00C7F9CD /* WriteMemoView.swift in Sources */ = {isa = PBXBuildFile; fileRef = B0535C082C970EEA00C7F9CD /* WriteMemoView.swift */; };
		B06076402CA41C9F0020662B /* DiaryDetailView.swift in Sources */ = {isa = PBXBuildFile; fileRef = B060763F2CA41C9F0020662B /* DiaryDetailView.swift */; };
		B061763C2C9EAE00001C18D9 /* AlbumView.swift in Sources */ = {isa = PBXBuildFile; fileRef = B061763B2C9EAE00001C18D9 /* AlbumView.swift */; };
		B061763E2C9EB253001C18D9 /* CollectionViewTapView.swift in Sources */ = {isa = PBXBuildFile; fileRef = B061763D2C9EB253001C18D9 /* CollectionViewTapView.swift */; };
		B06176412C9EEE9D001C18D9 /* DiaryCollectionView1.swift in Sources */ = {isa = PBXBuildFile; fileRef = B06176402C9EEE9D001C18D9 /* DiaryCollectionView1.swift */; };
		B06176472CA00D3F001C18D9 /* AudioRecorderManager.swift in Sources */ = {isa = PBXBuildFile; fileRef = B06176462CA00D3F001C18D9 /* AudioRecorderManager.swift */; };
		B07146342CAAF39400DE9E7C /* PopupViewModel.swift in Sources */ = {isa = PBXBuildFile; fileRef = B07146332CAAF39400DE9E7C /* PopupViewModel.swift */; };
		B07146362CABCE8D00DE9E7C /* CalendarViewModel.swift in Sources */ = {isa = PBXBuildFile; fileRef = B07146352CABCE8D00DE9E7C /* CalendarViewModel.swift */; };
		B0775D5C2CA698330013B68A /* AlbumViewModel.swift in Sources */ = {isa = PBXBuildFile; fileRef = B0775D5B2CA698330013B68A /* AlbumViewModel.swift */; };
		B0775D5E2CA7D9770013B68A /* DiaryDetailViewModel.swift in Sources */ = {isa = PBXBuildFile; fileRef = B0775D5D2CA7D9770013B68A /* DiaryDetailViewModel.swift */; };
		B0775D602CA7DA560013B68A /* DiaryCollectionViewModel.swift in Sources */ = {isa = PBXBuildFile; fileRef = B0775D5F2CA7DA550013B68A /* DiaryCollectionViewModel.swift */; };
		B0775D622CA7DDF10013B68A /* WriteDiaryViewModel.swift in Sources */ = {isa = PBXBuildFile; fileRef = B0775D612CA7DDF10013B68A /* WriteDiaryViewModel.swift */; };
		B0775D652CA814730013B68A /* SwiftUIIntrospect in Frameworks */ = {isa = PBXBuildFile; productRef = B0775D642CA814730013B68A /* SwiftUIIntrospect */; };
		B0775D6A2CA829D00013B68A /* ShuffleDeck in Frameworks */ = {isa = PBXBuildFile; productRef = B0775D692CA829D00013B68A /* ShuffleDeck */; };
		B0775D6C2CA829D00013B68A /* ShuffleIt in Frameworks */ = {isa = PBXBuildFile; productRef = B0775D6B2CA829D00013B68A /* ShuffleIt */; };
		B0775D6F2CA8330B0013B68A /* MemoCollectionView.swift in Sources */ = {isa = PBXBuildFile; fileRef = B0775D6E2CA8330B0013B68A /* MemoCollectionView.swift */; };
		B0775D712CA834330013B68A /* MemoDetailView.swift in Sources */ = {isa = PBXBuildFile; fileRef = B0775D702CA834330013B68A /* MemoDetailView.swift */; };
		B0775D732CA839C10013B68A /* WriteMemoViewModel.swift in Sources */ = {isa = PBXBuildFile; fileRef = B0775D722CA839C10013B68A /* WriteMemoViewModel.swift */; };
		B082D7892D4F787600B013A6 /* Localizable.strings in Resources */ = {isa = PBXBuildFile; fileRef = B082D7872D4F787600B013A6 /* Localizable.strings */; };
		B0B069F52CA2A46C00A1BCB1 /* TimeDiary.swift in Sources */ = {isa = PBXBuildFile; fileRef = B0B069F42CA2A46C00A1BCB1 /* TimeDiary.swift */; };
		B0B069FB2CA2A4EE00A1BCB1 /* RealmSwift in Frameworks */ = {isa = PBXBuildFile; productRef = B0B069FA2CA2A4EE00A1BCB1 /* RealmSwift */; };
		B0B2D4732CAD7511004516D4 /* SettingView.swift in Sources */ = {isa = PBXBuildFile; fileRef = B0B2D4722CAD7511004516D4 /* SettingView.swift */; };
		B0B2D4762CAE7329004516D4 /* RealmSwift in Embed Frameworks */ = {isa = PBXBuildFile; productRef = B0B069FA2CA2A4EE00A1BCB1 /* RealmSwift */; settings = {ATTRIBUTES = (CodeSignOnCopy, ); }; };
		B0B4763A2CA42F7200AEDBBC /* ImageService.swift in Sources */ = {isa = PBXBuildFile; fileRef = B0B476392CA42F7200AEDBBC /* ImageService.swift */; };
		B0FBD51A2C940DE3009CC9FC /* TimetravelDiaryApp.swift in Sources */ = {isa = PBXBuildFile; fileRef = B0FBD5192C940DE3009CC9FC /* TimetravelDiaryApp.swift */; };
		B0FBD51E2C940DE4009CC9FC /* Assets.xcassets in Resources */ = {isa = PBXBuildFile; fileRef = B0FBD51D2C940DE4009CC9FC /* Assets.xcassets */; };
		B0FBD5212C940DE4009CC9FC /* Preview Assets.xcassets in Resources */ = {isa = PBXBuildFile; fileRef = B0FBD5202C940DE4009CC9FC /* Preview Assets.xcassets */; };
		B0FBD52A2C940EC4009CC9FC /* GradientBackgroundView.swift in Sources */ = {isa = PBXBuildFile; fileRef = B0FBD5292C940EC4009CC9FC /* GradientBackgroundView.swift */; };
		B0FBFEFA2D55D70C00ACEFFF /* DiaryTableRepository.swift in Sources */ = {isa = PBXBuildFile; fileRef = B0FBFEF92D55D70C00ACEFFF /* DiaryTableRepository.swift */; };
		B0FBFEFC2D5602E800ACEFFF /* DiaryCollecionView.swift in Sources */ = {isa = PBXBuildFile; fileRef = B0FBFEFB2D5602E800ACEFFF /* DiaryCollecionView.swift */; };
/* End PBXBuildFile section */

/* Begin PBXCopyFilesBuildPhase section */
		B0B2D4772CAE7329004516D4 /* Embed Frameworks */ = {
			isa = PBXCopyFilesBuildPhase;
			buildActionMask = 2147483647;
			dstPath = "";
			dstSubfolderSpec = 10;
			files = (
				B0B2D4762CAE7329004516D4 /* RealmSwift in Embed Frameworks */,
			);
			name = "Embed Frameworks";
			runOnlyForDeploymentPostprocessing = 0;
		};
/* End PBXCopyFilesBuildPhase section */

/* Begin PBXFileReference section */
		B005764B2CBE3EF8002FF1E7 /* ReadView.swift */ = {isa = PBXFileReference; lastKnownFileType = sourcecode.swift; path = ReadView.swift; sourceTree = "<group>"; };
		B005765C2CC399CD002FF1E7 /* CustomToastView.swift */ = {isa = PBXFileReference; lastKnownFileType = sourcecode.swift; path = CustomToastView.swift; sourceTree = "<group>"; };
		B01BBC442D566F9B00E41AA0 /* BackButtonModifier.swift */ = {isa = PBXFileReference; lastKnownFileType = sourcecode.swift; path = BackButtonModifier.swift; sourceTree = "<group>"; };
		B01BBC462D57801C00E41AA0 /* VoiceRecordView.swift */ = {isa = PBXFileReference; lastKnownFileType = sourcecode.swift; path = VoiceRecordView.swift; sourceTree = "<group>"; };
		B01BBC482D61D94600E41AA0 /* AudioManager.swift */ = {isa = PBXFileReference; lastKnownFileType = sourcecode.swift; path = AudioManager.swift; sourceTree = "<group>"; };
		B05357D42C9412DD00FCD3A2 /* Color+.swift */ = {isa = PBXFileReference; lastKnownFileType = sourcecode.swift; path = "Color+.swift"; sourceTree = "<group>"; };
		B05357D62C94454600FCD3A2 /* CalendarView.swift */ = {isa = PBXFileReference; lastKnownFileType = sourcecode.swift; path = CalendarView.swift; sourceTree = "<group>"; };
		B05357E02C95706F00FCD3A2 /* HomeCalendarView.swift */ = {isa = PBXFileReference; lastKnownFileType = sourcecode.swift; path = HomeCalendarView.swift; sourceTree = "<group>"; };
		B0535BFA2C95A37D00C7F9CD /* PublicHolidayModel.swift */ = {isa = PBXFileReference; lastKnownFileType = sourcecode.swift; path = PublicHolidayModel.swift; sourceTree = "<group>"; };
		B0535BFD2C95A3B200C7F9CD /* NetworkManager.swift */ = {isa = PBXFileReference; lastKnownFileType = sourcecode.swift; path = NetworkManager.swift; sourceTree = "<group>"; };
		B0535BFF2C95B51E00C7F9CD /* MainTabBar.swift */ = {isa = PBXFileReference; lastKnownFileType = sourcecode.swift; path = MainTabBar.swift; sourceTree = "<group>"; };
		B0535C042C96C86400C7F9CD /* WriteDiaryView.swift */ = {isa = PBXFileReference; lastKnownFileType = sourcecode.swift; path = WriteDiaryView.swift; sourceTree = "<group>"; };
		B0535C062C96DEAE00C7F9CD /* FloatingMenu.swift */ = {isa = PBXFileReference; lastKnownFileType = sourcecode.swift; path = FloatingMenu.swift; sourceTree = "<group>"; };
		B0535C082C970EEA00C7F9CD /* WriteMemoView.swift */ = {isa = PBXFileReference; lastKnownFileType = sourcecode.swift; path = WriteMemoView.swift; sourceTree = "<group>"; };
		B060763F2CA41C9F0020662B /* DiaryDetailView.swift */ = {isa = PBXFileReference; lastKnownFileType = sourcecode.swift; path = DiaryDetailView.swift; sourceTree = "<group>"; };
		B061763B2C9EAE00001C18D9 /* AlbumView.swift */ = {isa = PBXFileReference; lastKnownFileType = sourcecode.swift; path = AlbumView.swift; sourceTree = "<group>"; };
		B061763D2C9EB253001C18D9 /* CollectionViewTapView.swift */ = {isa = PBXFileReference; lastKnownFileType = sourcecode.swift; path = CollectionViewTapView.swift; sourceTree = "<group>"; };
		B06176402C9EEE9D001C18D9 /* DiaryCollectionView1.swift */ = {isa = PBXFileReference; lastKnownFileType = sourcecode.swift; path = DiaryCollectionView1.swift; sourceTree = "<group>"; };
		B06176462CA00D3F001C18D9 /* AudioRecorderManager.swift */ = {isa = PBXFileReference; lastKnownFileType = sourcecode.swift; path = AudioRecorderManager.swift; sourceTree = "<group>"; };
		B061764A2CA02902001C18D9 /* Info.plist */ = {isa = PBXFileReference; lastKnownFileType = text.plist; path = Info.plist; sourceTree = "<group>"; };
		B07146332CAAF39400DE9E7C /* PopupViewModel.swift */ = {isa = PBXFileReference; lastKnownFileType = sourcecode.swift; path = PopupViewModel.swift; sourceTree = "<group>"; };
		B07146352CABCE8D00DE9E7C /* CalendarViewModel.swift */ = {isa = PBXFileReference; lastKnownFileType = sourcecode.swift; path = CalendarViewModel.swift; sourceTree = "<group>"; };
		B0775D5B2CA698330013B68A /* AlbumViewModel.swift */ = {isa = PBXFileReference; lastKnownFileType = sourcecode.swift; path = AlbumViewModel.swift; sourceTree = "<group>"; };
		B0775D5D2CA7D9770013B68A /* DiaryDetailViewModel.swift */ = {isa = PBXFileReference; lastKnownFileType = sourcecode.swift; path = DiaryDetailViewModel.swift; sourceTree = "<group>"; };
		B0775D5F2CA7DA550013B68A /* DiaryCollectionViewModel.swift */ = {isa = PBXFileReference; lastKnownFileType = sourcecode.swift; path = DiaryCollectionViewModel.swift; sourceTree = "<group>"; };
		B0775D612CA7DDF10013B68A /* WriteDiaryViewModel.swift */ = {isa = PBXFileReference; lastKnownFileType = sourcecode.swift; path = WriteDiaryViewModel.swift; sourceTree = "<group>"; };
		B0775D6E2CA8330B0013B68A /* MemoCollectionView.swift */ = {isa = PBXFileReference; lastKnownFileType = sourcecode.swift; path = MemoCollectionView.swift; sourceTree = "<group>"; };
		B0775D702CA834330013B68A /* MemoDetailView.swift */ = {isa = PBXFileReference; lastKnownFileType = sourcecode.swift; path = MemoDetailView.swift; sourceTree = "<group>"; };
		B0775D722CA839C10013B68A /* WriteMemoViewModel.swift */ = {isa = PBXFileReference; lastKnownFileType = sourcecode.swift; path = WriteMemoViewModel.swift; sourceTree = "<group>"; };
		B082D7882D4F787600B013A6 /* ko */ = {isa = PBXFileReference; lastKnownFileType = text.plist.strings; name = ko; path = ko.lproj/Localizable.strings; sourceTree = "<group>"; };
		B082D78A2D4F789D00B013A6 /* en */ = {isa = PBXFileReference; lastKnownFileType = text.plist.strings; name = en; path = en.lproj/Localizable.strings; sourceTree = "<group>"; };
		B0B069F42CA2A46C00A1BCB1 /* TimeDiary.swift */ = {isa = PBXFileReference; lastKnownFileType = sourcecode.swift; path = TimeDiary.swift; sourceTree = "<group>"; };
		B0B2D4722CAD7511004516D4 /* SettingView.swift */ = {isa = PBXFileReference; lastKnownFileType = sourcecode.swift; path = SettingView.swift; sourceTree = "<group>"; };
		B0B476392CA42F7200AEDBBC /* ImageService.swift */ = {isa = PBXFileReference; lastKnownFileType = sourcecode.swift; path = ImageService.swift; sourceTree = "<group>"; };
		B0FBD5162C940DE3009CC9FC /* TimetravelDiary.app */ = {isa = PBXFileReference; explicitFileType = wrapper.application; includeInIndex = 0; path = TimetravelDiary.app; sourceTree = BUILT_PRODUCTS_DIR; };
		B0FBD5192C940DE3009CC9FC /* TimetravelDiaryApp.swift */ = {isa = PBXFileReference; lastKnownFileType = sourcecode.swift; path = TimetravelDiaryApp.swift; sourceTree = "<group>"; };
		B0FBD51D2C940DE4009CC9FC /* Assets.xcassets */ = {isa = PBXFileReference; lastKnownFileType = folder.assetcatalog; path = Assets.xcassets; sourceTree = "<group>"; };
		B0FBD5202C940DE4009CC9FC /* Preview Assets.xcassets */ = {isa = PBXFileReference; lastKnownFileType = folder.assetcatalog; path = "Preview Assets.xcassets"; sourceTree = "<group>"; };
		B0FBD5292C940EC4009CC9FC /* GradientBackgroundView.swift */ = {isa = PBXFileReference; lastKnownFileType = sourcecode.swift; path = GradientBackgroundView.swift; sourceTree = "<group>"; };
		B0FBFEF92D55D70C00ACEFFF /* DiaryTableRepository.swift */ = {isa = PBXFileReference; lastKnownFileType = sourcecode.swift; path = DiaryTableRepository.swift; sourceTree = "<group>"; };
		B0FBFEFB2D5602E800ACEFFF /* DiaryCollecionView.swift */ = {isa = PBXFileReference; lastKnownFileType = sourcecode.swift; path = DiaryCollecionView.swift; sourceTree = "<group>"; };
/* End PBXFileReference section */

/* Begin PBXFrameworksBuildPhase section */
		B0FBD5132C940DE3009CC9FC /* Frameworks */ = {
			isa = PBXFrameworksBuildPhase;
			buildActionMask = 2147483647;
			files = (
				B0B069FB2CA2A4EE00A1BCB1 /* RealmSwift in Frameworks */,
				B0775D652CA814730013B68A /* SwiftUIIntrospect in Frameworks */,
				B0775D6A2CA829D00013B68A /* ShuffleDeck in Frameworks */,
				B0775D6C2CA829D00013B68A /* ShuffleIt in Frameworks */,
			);
			runOnlyForDeploymentPostprocessing = 0;
		};
/* End PBXFrameworksBuildPhase section */

/* Begin PBXGroup section */
		B005765E2CC4E463002FF1E7 /* Application */ = {
			isa = PBXGroup;
			children = (
				B0FBD5192C940DE3009CC9FC /* TimetravelDiaryApp.swift */,
			);
			path = Application;
			sourceTree = "<group>";
		};
		B005765F2CC4E4C0002FF1E7 /* Presentation */ = {
			isa = PBXGroup;
			children = (
				B00576692CC4EC58002FF1E7 /* ReadView */,
				B00576612CC4E8D4002FF1E7 /* TabBar */,
				B06076412CA41DFA0020662B /* Diary */,
				B0775D5A2CA698290013B68A /* Album */,
				B07146322CAAF37000DE9E7C /* Calendar */,
				B0B2D4712CAD7493004516D4 /* Setting */,
				B0775D6D2CA832FD0013B68A /* Memo */,
			);
			path = Presentation;
			sourceTree = "<group>";
		};
		B00576602CC4E624002FF1E7 /* Global */ = {
			isa = PBXGroup;
			children = (
				B00576662CC4EB81002FF1E7 /* Resources */,
				B00576652CC4EB49002FF1E7 /* Realm */,
				B00576642CC4EB41002FF1E7 /* FileManager */,
				B00576632CC4EAC3002FF1E7 /* Components */,
				B05357D32C9412D400FCD3A2 /* Extension */,
			);
			path = Global;
			sourceTree = "<group>";
		};
		B00576612CC4E8D4002FF1E7 /* TabBar */ = {
			isa = PBXGroup;
			children = (
				B061763D2C9EB253001C18D9 /* CollectionViewTapView.swift */,
				B0535BFF2C95B51E00C7F9CD /* MainTabBar.swift */,
			);
			path = TabBar;
			sourceTree = "<group>";
		};
		B00576622CC4E8EA002FF1E7 /* Network */ = {
			isa = PBXGroup;
			children = (
				B0535BF92C95A36400C7F9CD /* RequestModel */,
				B0535BFC2C95A39F00C7F9CD /* NetwrokManater */,
			);
			path = Network;
			sourceTree = "<group>";
		};
		B00576632CC4EAC3002FF1E7 /* Components */ = {
			isa = PBXGroup;
			children = (
				B05357D22C940FB800FCD3A2 /* ViewModifier */,
				B005765C2CC399CD002FF1E7 /* CustomToastView.swift */,
				B0535C062C96DEAE00C7F9CD /* FloatingMenu.swift */,
			);
			path = Components;
			sourceTree = "<group>";
		};
		B00576642CC4EB41002FF1E7 /* FileManager */ = {
			isa = PBXGroup;
			children = (
				B0B476392CA42F7200AEDBBC /* ImageService.swift */,
			);
			path = FileManager;
			sourceTree = "<group>";
		};
		B00576652CC4EB49002FF1E7 /* Realm */ = {
			isa = PBXGroup;
			children = (
				B0B069F42CA2A46C00A1BCB1 /* TimeDiary.swift */,
				B0FBFEF92D55D70C00ACEFFF /* DiaryTableRepository.swift */,
			);
			path = Realm;
			sourceTree = "<group>";
		};
		B00576662CC4EB81002FF1E7 /* Resources */ = {
			isa = PBXGroup;
			children = (
				B0FBD51D2C940DE4009CC9FC /* Assets.xcassets */,
			);
			path = Resources;
			sourceTree = "<group>";
		};
		B00576672CC4EBAE002FF1E7 /* AudioManager */ = {
			isa = PBXGroup;
			children = (
				B06176462CA00D3F001C18D9 /* AudioRecorderManager.swift */,
			);
			path = AudioManager;
			sourceTree = "<group>";
		};
		B00576682CC4EC17002FF1E7 /* Base */ = {
			isa = PBXGroup;
			children = (
				B00576672CC4EBAE002FF1E7 /* AudioManager */,
			);
			path = Base;
			sourceTree = "<group>";
		};
		B00576692CC4EC58002FF1E7 /* ReadView */ = {
			isa = PBXGroup;
			children = (
				B005764B2CBE3EF8002FF1E7 /* ReadView.swift */,
			);
			path = ReadView;
			sourceTree = "<group>";
		};
		B05357D22C940FB800FCD3A2 /* ViewModifier */ = {
			isa = PBXGroup;
			children = (
				B0FBD5292C940EC4009CC9FC /* GradientBackgroundView.swift */,
			);
			path = ViewModifier;
			sourceTree = "<group>";
		};
		B05357D32C9412D400FCD3A2 /* Extension */ = {
			isa = PBXGroup;
			children = (
				B05357D42C9412DD00FCD3A2 /* Color+.swift */,
			);
			path = Extension;
			sourceTree = "<group>";
		};
		B0535BF92C95A36400C7F9CD /* RequestModel */ = {
			isa = PBXGroup;
			children = (
				B0535BFA2C95A37D00C7F9CD /* PublicHolidayModel.swift */,
			);
			path = RequestModel;
			sourceTree = "<group>";
		};
		B0535BFC2C95A39F00C7F9CD /* NetwrokManater */ = {
			isa = PBXGroup;
			children = (
				B0535BFD2C95A3B200C7F9CD /* NetworkManager.swift */,
			);
			path = NetwrokManater;
			sourceTree = "<group>";
		};
		B06076412CA41DFA0020662B /* Diary */ = {
			isa = PBXGroup;
			children = (
				B06176402C9EEE9D001C18D9 /* DiaryCollectionView1.swift */,
				B0FBFEFB2D5602E800ACEFFF /* DiaryCollecionView.swift */,
				B01BBC462D57801C00E41AA0 /* VoiceRecordView.swift */,
				B01BBC482D61D94600E41AA0 /* AudioManager.swift */,
				B0775D5F2CA7DA550013B68A /* DiaryCollectionViewModel.swift */,
				B060763F2CA41C9F0020662B /* DiaryDetailView.swift */,
				B0775D5D2CA7D9770013B68A /* DiaryDetailViewModel.swift */,
				B0535C042C96C86400C7F9CD /* WriteDiaryView.swift */,
				B0775D612CA7DDF10013B68A /* WriteDiaryViewModel.swift */,
			);
			path = Diary;
			sourceTree = "<group>";
		};
		B07146322CAAF37000DE9E7C /* Calendar */ = {
			isa = PBXGroup;
			children = (
				B05357D62C94454600FCD3A2 /* CalendarView.swift */,
				B07146352CABCE8D00DE9E7C /* CalendarViewModel.swift */,
				B05357E02C95706F00FCD3A2 /* HomeCalendarView.swift */,
				B07146332CAAF39400DE9E7C /* PopupViewModel.swift */,
			);
			path = Calendar;
			sourceTree = "<group>";
		};
		B0775D5A2CA698290013B68A /* Album */ = {
			isa = PBXGroup;
			children = (
				B0775D5B2CA698330013B68A /* AlbumViewModel.swift */,
				B061763B2C9EAE00001C18D9 /* AlbumView.swift */,
			);
			path = Album;
			sourceTree = "<group>";
		};
		B0775D6D2CA832FD0013B68A /* Memo */ = {
			isa = PBXGroup;
			children = (
				B0775D6E2CA8330B0013B68A /* MemoCollectionView.swift */,
				B0775D702CA834330013B68A /* MemoDetailView.swift */,
				B0535C082C970EEA00C7F9CD /* WriteMemoView.swift */,
				B0775D722CA839C10013B68A /* WriteMemoViewModel.swift */,
			);
			path = Memo;
			sourceTree = "<group>";
		};
		B0B2D4712CAD7493004516D4 /* Setting */ = {
			isa = PBXGroup;
			children = (
				B0B2D4722CAD7511004516D4 /* SettingView.swift */,
			);
			path = Setting;
			sourceTree = "<group>";
		};
		B0FBD50D2C940DE3009CC9FC = {
			isa = PBXGroup;
			children = (
				B0FBD5182C940DE3009CC9FC /* TimetravelDiary */,
				B0FBD5172C940DE3009CC9FC /* Products */,
			);
			sourceTree = "<group>";
		};
		B0FBD5172C940DE3009CC9FC /* Products */ = {
			isa = PBXGroup;
			children = (
				B0FBD5162C940DE3009CC9FC /* TimetravelDiary.app */,
			);
			name = Products;
			sourceTree = "<group>";
		};
		B0FBD5182C940DE3009CC9FC /* TimetravelDiary */ = {
			isa = PBXGroup;
			children = (
				B005765E2CC4E463002FF1E7 /* Application */,
				B00576682CC4EC17002FF1E7 /* Base */,
				B00576602CC4E624002FF1E7 /* Global */,
				B00576622CC4E8EA002FF1E7 /* Network */,
				B005765F2CC4E4C0002FF1E7 /* Presentation */,
				B061764A2CA02902001C18D9 /* Info.plist */,
				B0FBD51F2C940DE4009CC9FC /* Preview Content */,
				B082D7872D4F787600B013A6 /* Localizable.strings */,
				B01BBC442D566F9B00E41AA0 /* BackButtonModifier.swift */,
			);
			path = TimetravelDiary;
			sourceTree = "<group>";
		};
		B0FBD51F2C940DE4009CC9FC /* Preview Content */ = {
			isa = PBXGroup;
			children = (
				B0FBD5202C940DE4009CC9FC /* Preview Assets.xcassets */,
			);
			path = "Preview Content";
			sourceTree = "<group>";
		};
/* End PBXGroup section */

/* Begin PBXNativeTarget section */
		B0FBD5152C940DE3009CC9FC /* TimetravelDiary */ = {
			isa = PBXNativeTarget;
			buildConfigurationList = B0FBD5242C940DE4009CC9FC /* Build configuration list for PBXNativeTarget "TimetravelDiary" */;
			buildPhases = (
				B0FBD5122C940DE3009CC9FC /* Sources */,
				B0FBD5132C940DE3009CC9FC /* Frameworks */,
				B0FBD5142C940DE3009CC9FC /* Resources */,
				B0B2D4772CAE7329004516D4 /* Embed Frameworks */,
			);
			buildRules = (
			);
			dependencies = (
			);
			name = TimetravelDiary;
			packageProductDependencies = (
				B0B069FA2CA2A4EE00A1BCB1 /* RealmSwift */,
				B0775D642CA814730013B68A /* SwiftUIIntrospect */,
				B0775D692CA829D00013B68A /* ShuffleDeck */,
				B0775D6B2CA829D00013B68A /* ShuffleIt */,
			);
			productName = TimetravelDiary;
			productReference = B0FBD5162C940DE3009CC9FC /* TimetravelDiary.app */;
			productType = "com.apple.product-type.application";
		};
/* End PBXNativeTarget section */

/* Begin PBXProject section */
		B0FBD50E2C940DE3009CC9FC /* Project object */ = {
			isa = PBXProject;
			attributes = {
				BuildIndependentTargetsInParallel = 1;
				LastSwiftUpdateCheck = 1540;
				LastUpgradeCheck = 1540;
				TargetAttributes = {
					B0FBD5152C940DE3009CC9FC = {
						CreatedOnToolsVersion = 15.4;
					};
				};
			};
			buildConfigurationList = B0FBD5112C940DE3009CC9FC /* Build configuration list for PBXProject "TimetravelDiary" */;
			compatibilityVersion = "Xcode 14.0";
			developmentRegion = ko;
			hasScannedForEncodings = 0;
			knownRegions = (
				en,
				Base,
				ko,
			);
			mainGroup = B0FBD50D2C940DE3009CC9FC;
			packageReferences = (
				B0B069F92CA2A4EE00A1BCB1 /* XCRemoteSwiftPackageReference "realm-swift" */,
				B0775D632CA814730013B68A /* XCRemoteSwiftPackageReference "swiftui-introspect" */,
				B0775D682CA829D00013B68A /* XCRemoteSwiftPackageReference "ShuffleIt" */,
			);
			productRefGroup = B0FBD5172C940DE3009CC9FC /* Products */;
			projectDirPath = "";
			projectRoot = "";
			targets = (
				B0FBD5152C940DE3009CC9FC /* TimetravelDiary */,
			);
		};
/* End PBXProject section */

/* Begin PBXResourcesBuildPhase section */
		B0FBD5142C940DE3009CC9FC /* Resources */ = {
			isa = PBXResourcesBuildPhase;
			buildActionMask = 2147483647;
			files = (
				B0FBD5212C940DE4009CC9FC /* Preview Assets.xcassets in Resources */,
				B082D7892D4F787600B013A6 /* Localizable.strings in Resources */,
				B0FBD51E2C940DE4009CC9FC /* Assets.xcassets in Resources */,
			);
			runOnlyForDeploymentPostprocessing = 0;
		};
/* End PBXResourcesBuildPhase section */

/* Begin PBXSourcesBuildPhase section */
		B0FBD5122C940DE3009CC9FC /* Sources */ = {
			isa = PBXSourcesBuildPhase;
			buildActionMask = 2147483647;
			files = (
				B06176472CA00D3F001C18D9 /* AudioRecorderManager.swift in Sources */,
				B0B069F52CA2A46C00A1BCB1 /* TimeDiary.swift in Sources */,
				B0535C002C95B51E00C7F9CD /* MainTabBar.swift in Sources */,
				B0B2D4732CAD7511004516D4 /* SettingView.swift in Sources */,
				B0775D712CA834330013B68A /* MemoDetailView.swift in Sources */,
				B0FBD52A2C940EC4009CC9FC /* GradientBackgroundView.swift in Sources */,
				B0535C052C96C86400C7F9CD /* WriteDiaryView.swift in Sources */,
				B0775D5E2CA7D9770013B68A /* DiaryDetailViewModel.swift in Sources */,
				B01BBC492D61D94600E41AA0 /* AudioManager.swift in Sources */,
				B0775D622CA7DDF10013B68A /* WriteDiaryViewModel.swift in Sources */,
				B0535BFE2C95A3B200C7F9CD /* NetworkManager.swift in Sources */,
				B061763C2C9EAE00001C18D9 /* AlbumView.swift in Sources */,
				B0535C092C970EEA00C7F9CD /* WriteMemoView.swift in Sources */,
				B07146342CAAF39400DE9E7C /* PopupViewModel.swift in Sources */,
				B01BBC452D566F9B00E41AA0 /* BackButtonModifier.swift in Sources */,
				B0FBFEFA2D55D70C00ACEFFF /* DiaryTableRepository.swift in Sources */,
				B05357D52C9412DD00FCD3A2 /* Color+.swift in Sources */,
				B061763E2C9EB253001C18D9 /* CollectionViewTapView.swift in Sources */,
				B06076402CA41C9F0020662B /* DiaryDetailView.swift in Sources */,
				B06176412C9EEE9D001C18D9 /* DiaryCollectionView1.swift in Sources */,
				B0775D732CA839C10013B68A /* WriteMemoViewModel.swift in Sources */,
				B0B4763A2CA42F7200AEDBBC /* ImageService.swift in Sources */,
				B0775D602CA7DA560013B68A /* DiaryCollectionViewModel.swift in Sources */,
				B05357D72C94454600FCD3A2 /* CalendarView.swift in Sources */,
				B07146362CABCE8D00DE9E7C /* CalendarViewModel.swift in Sources */,
				B01BBC472D57801C00E41AA0 /* VoiceRecordView.swift in Sources */,
				B0535C072C96DEAE00C7F9CD /* FloatingMenu.swift in Sources */,
				B0FBD51A2C940DE3009CC9FC /* TimetravelDiaryApp.swift in Sources */,
				B05357E12C95706F00FCD3A2 /* HomeCalendarView.swift in Sources */,
				B0535BFB2C95A37D00C7F9CD /* PublicHolidayModel.swift in Sources */,
				B0775D6F2CA8330B0013B68A /* MemoCollectionView.swift in Sources */,
				B005765D2CC399CD002FF1E7 /* CustomToastView.swift in Sources */,
				B005764C2CBE3EF8002FF1E7 /* ReadView.swift in Sources */,
				B0775D5C2CA698330013B68A /* AlbumViewModel.swift in Sources */,
				B0FBFEFC2D5602E800ACEFFF /* DiaryCollecionView.swift in Sources */,
			);
			runOnlyForDeploymentPostprocessing = 0;
		};
/* End PBXSourcesBuildPhase section */

/* Begin PBXVariantGroup section */
		B082D7872D4F787600B013A6 /* Localizable.strings */ = {
			isa = PBXVariantGroup;
			children = (
				B082D7882D4F787600B013A6 /* ko */,
				B082D78A2D4F789D00B013A6 /* en */,
			);
			name = Localizable.strings;
			sourceTree = "<group>";
		};
/* End PBXVariantGroup section */

/* Begin XCBuildConfiguration section */
		B0FBD5222C940DE4009CC9FC /* Debug */ = {
			isa = XCBuildConfiguration;
			buildSettings = {
				ALWAYS_SEARCH_USER_PATHS = NO;
				ASSETCATALOG_COMPILER_GENERATE_SWIFT_ASSET_SYMBOL_EXTENSIONS = YES;
				CLANG_ANALYZER_NONNULL = YES;
				CLANG_ANALYZER_NUMBER_OBJECT_CONVERSION = YES_AGGRESSIVE;
				CLANG_CXX_LANGUAGE_STANDARD = "gnu++20";
				CLANG_ENABLE_MODULES = YES;
				CLANG_ENABLE_OBJC_ARC = YES;
				CLANG_ENABLE_OBJC_WEAK = YES;
				CLANG_WARN_BLOCK_CAPTURE_AUTORELEASING = YES;
				CLANG_WARN_BOOL_CONVERSION = YES;
				CLANG_WARN_COMMA = YES;
				CLANG_WARN_CONSTANT_CONVERSION = YES;
				CLANG_WARN_DEPRECATED_OBJC_IMPLEMENTATIONS = YES;
				CLANG_WARN_DIRECT_OBJC_ISA_USAGE = YES_ERROR;
				CLANG_WARN_DOCUMENTATION_COMMENTS = YES;
				CLANG_WARN_EMPTY_BODY = YES;
				CLANG_WARN_ENUM_CONVERSION = YES;
				CLANG_WARN_INFINITE_RECURSION = YES;
				CLANG_WARN_INT_CONVERSION = YES;
				CLANG_WARN_NON_LITERAL_NULL_CONVERSION = YES;
				CLANG_WARN_OBJC_IMPLICIT_RETAIN_SELF = YES;
				CLANG_WARN_OBJC_LITERAL_CONVERSION = YES;
				CLANG_WARN_OBJC_ROOT_CLASS = YES_ERROR;
				CLANG_WARN_QUOTED_INCLUDE_IN_FRAMEWORK_HEADER = YES;
				CLANG_WARN_RANGE_LOOP_ANALYSIS = YES;
				CLANG_WARN_STRICT_PROTOTYPES = YES;
				CLANG_WARN_SUSPICIOUS_MOVE = YES;
				CLANG_WARN_UNGUARDED_AVAILABILITY = YES_AGGRESSIVE;
				CLANG_WARN_UNREACHABLE_CODE = YES;
				CLANG_WARN__DUPLICATE_METHOD_MATCH = YES;
				COPY_PHASE_STRIP = NO;
				DEBUG_INFORMATION_FORMAT = dwarf;
				ENABLE_STRICT_OBJC_MSGSEND = YES;
				ENABLE_TESTABILITY = YES;
				ENABLE_USER_SCRIPT_SANDBOXING = YES;
				GCC_C_LANGUAGE_STANDARD = gnu17;
				GCC_DYNAMIC_NO_PIC = NO;
				GCC_NO_COMMON_BLOCKS = YES;
				GCC_OPTIMIZATION_LEVEL = 0;
				GCC_PREPROCESSOR_DEFINITIONS = (
					"DEBUG=1",
					"$(inherited)",
				);
				GCC_WARN_64_TO_32_BIT_CONVERSION = YES;
				GCC_WARN_ABOUT_RETURN_TYPE = YES_ERROR;
				GCC_WARN_UNDECLARED_SELECTOR = YES;
				GCC_WARN_UNINITIALIZED_AUTOS = YES_AGGRESSIVE;
				GCC_WARN_UNUSED_FUNCTION = YES;
				GCC_WARN_UNUSED_VARIABLE = YES;
				IPHONEOS_DEPLOYMENT_TARGET = 16.0;
				LOCALIZATION_PREFERS_STRING_CATALOGS = YES;
				MTL_ENABLE_DEBUG_INFO = INCLUDE_SOURCE;
				MTL_FAST_MATH = YES;
				ONLY_ACTIVE_ARCH = YES;
				SDKROOT = iphoneos;
				SWIFT_ACTIVE_COMPILATION_CONDITIONS = "DEBUG $(inherited)";
				SWIFT_OPTIMIZATION_LEVEL = "-Onone";
			};
			name = Debug;
		};
		B0FBD5232C940DE4009CC9FC /* Release */ = {
			isa = XCBuildConfiguration;
			buildSettings = {
				ALWAYS_SEARCH_USER_PATHS = NO;
				ASSETCATALOG_COMPILER_GENERATE_SWIFT_ASSET_SYMBOL_EXTENSIONS = YES;
				CLANG_ANALYZER_NONNULL = YES;
				CLANG_ANALYZER_NUMBER_OBJECT_CONVERSION = YES_AGGRESSIVE;
				CLANG_CXX_LANGUAGE_STANDARD = "gnu++20";
				CLANG_ENABLE_MODULES = YES;
				CLANG_ENABLE_OBJC_ARC = YES;
				CLANG_ENABLE_OBJC_WEAK = YES;
				CLANG_WARN_BLOCK_CAPTURE_AUTORELEASING = YES;
				CLANG_WARN_BOOL_CONVERSION = YES;
				CLANG_WARN_COMMA = YES;
				CLANG_WARN_CONSTANT_CONVERSION = YES;
				CLANG_WARN_DEPRECATED_OBJC_IMPLEMENTATIONS = YES;
				CLANG_WARN_DIRECT_OBJC_ISA_USAGE = YES_ERROR;
				CLANG_WARN_DOCUMENTATION_COMMENTS = YES;
				CLANG_WARN_EMPTY_BODY = YES;
				CLANG_WARN_ENUM_CONVERSION = YES;
				CLANG_WARN_INFINITE_RECURSION = YES;
				CLANG_WARN_INT_CONVERSION = YES;
				CLANG_WARN_NON_LITERAL_NULL_CONVERSION = YES;
				CLANG_WARN_OBJC_IMPLICIT_RETAIN_SELF = YES;
				CLANG_WARN_OBJC_LITERAL_CONVERSION = YES;
				CLANG_WARN_OBJC_ROOT_CLASS = YES_ERROR;
				CLANG_WARN_QUOTED_INCLUDE_IN_FRAMEWORK_HEADER = YES;
				CLANG_WARN_RANGE_LOOP_ANALYSIS = YES;
				CLANG_WARN_STRICT_PROTOTYPES = YES;
				CLANG_WARN_SUSPICIOUS_MOVE = YES;
				CLANG_WARN_UNGUARDED_AVAILABILITY = YES_AGGRESSIVE;
				CLANG_WARN_UNREACHABLE_CODE = YES;
				CLANG_WARN__DUPLICATE_METHOD_MATCH = YES;
				COPY_PHASE_STRIP = NO;
				DEBUG_INFORMATION_FORMAT = "dwarf-with-dsym";
				ENABLE_NS_ASSERTIONS = NO;
				ENABLE_STRICT_OBJC_MSGSEND = YES;
				ENABLE_USER_SCRIPT_SANDBOXING = YES;
				GCC_C_LANGUAGE_STANDARD = gnu17;
				GCC_NO_COMMON_BLOCKS = YES;
				GCC_WARN_64_TO_32_BIT_CONVERSION = YES;
				GCC_WARN_ABOUT_RETURN_TYPE = YES_ERROR;
				GCC_WARN_UNDECLARED_SELECTOR = YES;
				GCC_WARN_UNINITIALIZED_AUTOS = YES_AGGRESSIVE;
				GCC_WARN_UNUSED_FUNCTION = YES;
				GCC_WARN_UNUSED_VARIABLE = YES;
				IPHONEOS_DEPLOYMENT_TARGET = 16.0;
				LOCALIZATION_PREFERS_STRING_CATALOGS = YES;
				MTL_ENABLE_DEBUG_INFO = NO;
				MTL_FAST_MATH = YES;
				SDKROOT = iphoneos;
				SWIFT_COMPILATION_MODE = wholemodule;
				VALIDATE_PRODUCT = YES;
			};
			name = Release;
		};
		B0FBD5252C940DE4009CC9FC /* Debug */ = {
			isa = XCBuildConfiguration;
			buildSettings = {
				ASSETCATALOG_COMPILER_APPICON_NAME = AppIcon;
				ASSETCATALOG_COMPILER_GLOBAL_ACCENT_COLOR_NAME = AccentColor;
				CODE_SIGN_STYLE = Automatic;
				CURRENT_PROJECT_VERSION = 1;
				DEVELOPMENT_ASSET_PATHS = "\"TimetravelDiary/Preview Content\"";
				DEVELOPMENT_TEAM = V4KT333NUG;
				ENABLE_PREVIEWS = YES;
				GENERATE_INFOPLIST_FILE = YES;
				INFOPLIST_FILE = TimetravelDiary/Info.plist;
				INFOPLIST_KEY_CFBundleDisplayName = "코스믹레터";
				INFOPLIST_KEY_NSMicrophoneUsageDescription = "음성 기록을 위해 마이크 접근이 필요합니다.";
				INFOPLIST_KEY_UIApplicationSceneManifest_Generation = YES;
				INFOPLIST_KEY_UIApplicationSupportsIndirectInputEvents = YES;
				INFOPLIST_KEY_UILaunchScreen_Generation = YES;
				INFOPLIST_KEY_UISupportedInterfaceOrientations = UIInterfaceOrientationPortrait;
				INFOPLIST_KEY_UISupportedInterfaceOrientations_iPad = "UIInterfaceOrientationLandscapeLeft UIInterfaceOrientationLandscapeRight UIInterfaceOrientationPortrait UIInterfaceOrientationPortraitUpsideDown";
				INFOPLIST_KEY_UIUserInterfaceStyle = Light;
				IPHONEOS_DEPLOYMENT_TARGET = 16.0;
				LD_RUNPATH_SEARCH_PATHS = (
					"$(inherited)",
					"@executable_path/Frameworks",
				);
				MARKETING_VERSION = 1.0.3;
				PRODUCT_BUNDLE_IDENTIFIER = com.miley.CosmicLetter;
				PRODUCT_NAME = "$(TARGET_NAME)";
				SUPPORTED_PLATFORMS = "iphoneos iphonesimulator";
				SUPPORTS_MACCATALYST = NO;
				SUPPORTS_MAC_DESIGNED_FOR_IPHONE_IPAD = NO;
				SUPPORTS_XR_DESIGNED_FOR_IPHONE_IPAD = NO;
				SWIFT_EMIT_LOC_STRINGS = YES;
				SWIFT_VERSION = 5.0;
				TARGETED_DEVICE_FAMILY = 1;
			};
			name = Debug;
		};
		B0FBD5262C940DE4009CC9FC /* Release */ = {
			isa = XCBuildConfiguration;
			buildSettings = {
				ASSETCATALOG_COMPILER_APPICON_NAME = AppIcon;
				ASSETCATALOG_COMPILER_GLOBAL_ACCENT_COLOR_NAME = AccentColor;
				CODE_SIGN_STYLE = Automatic;
				CURRENT_PROJECT_VERSION = 1;
				DEVELOPMENT_ASSET_PATHS = "\"TimetravelDiary/Preview Content\"";
				DEVELOPMENT_TEAM = V4KT333NUG;
				ENABLE_PREVIEWS = YES;
				GENERATE_INFOPLIST_FILE = YES;
				INFOPLIST_FILE = TimetravelDiary/Info.plist;
				INFOPLIST_KEY_CFBundleDisplayName = "코스믹레터";
				INFOPLIST_KEY_NSMicrophoneUsageDescription = "음성 기록을 위해 마이크 접근이 필요합니다.";
				INFOPLIST_KEY_UIApplicationSceneManifest_Generation = YES;
				INFOPLIST_KEY_UIApplicationSupportsIndirectInputEvents = YES;
				INFOPLIST_KEY_UILaunchScreen_Generation = YES;
				INFOPLIST_KEY_UISupportedInterfaceOrientations = UIInterfaceOrientationPortrait;
				INFOPLIST_KEY_UISupportedInterfaceOrientations_iPad = "UIInterfaceOrientationLandscapeLeft UIInterfaceOrientationLandscapeRight UIInterfaceOrientationPortrait UIInterfaceOrientationPortraitUpsideDown";
				INFOPLIST_KEY_UIUserInterfaceStyle = Light;
				IPHONEOS_DEPLOYMENT_TARGET = 16.0;
				LD_RUNPATH_SEARCH_PATHS = (
					"$(inherited)",
					"@executable_path/Frameworks",
				);
				MARKETING_VERSION = 1.0.3;
				PRODUCT_BUNDLE_IDENTIFIER = com.miley.CosmicLetter;
				PRODUCT_NAME = "$(TARGET_NAME)";
				SUPPORTED_PLATFORMS = "iphoneos iphonesimulator";
				SUPPORTS_MACCATALYST = NO;
				SUPPORTS_MAC_DESIGNED_FOR_IPHONE_IPAD = NO;
				SUPPORTS_XR_DESIGNED_FOR_IPHONE_IPAD = NO;
				SWIFT_EMIT_LOC_STRINGS = YES;
				SWIFT_VERSION = 5.0;
				TARGETED_DEVICE_FAMILY = 1;
			};
			name = Release;
		};
/* End XCBuildConfiguration section */

/* Begin XCConfigurationList section */
		B0FBD5112C940DE3009CC9FC /* Build configuration list for PBXProject "TimetravelDiary" */ = {
			isa = XCConfigurationList;
			buildConfigurations = (
				B0FBD5222C940DE4009CC9FC /* Debug */,
				B0FBD5232C940DE4009CC9FC /* Release */,
			);
			defaultConfigurationIsVisible = 0;
			defaultConfigurationName = Release;
		};
		B0FBD5242C940DE4009CC9FC /* Build configuration list for PBXNativeTarget "TimetravelDiary" */ = {
			isa = XCConfigurationList;
			buildConfigurations = (
				B0FBD5252C940DE4009CC9FC /* Debug */,
				B0FBD5262C940DE4009CC9FC /* Release */,
			);
			defaultConfigurationIsVisible = 0;
			defaultConfigurationName = Release;
		};
/* End XCConfigurationList section */

/* Begin XCRemoteSwiftPackageReference section */
		B0775D632CA814730013B68A /* XCRemoteSwiftPackageReference "swiftui-introspect" */ = {
			isa = XCRemoteSwiftPackageReference;
			repositoryURL = "https://github.com/siteline/swiftui-introspect.git";
			requirement = {
				kind = upToNextMajorVersion;
				minimumVersion = 1.3.0;
			};
		};
		B0775D682CA829D00013B68A /* XCRemoteSwiftPackageReference "ShuffleIt" */ = {
			isa = XCRemoteSwiftPackageReference;
			repositoryURL = "https://github.com/dscyrescotti/ShuffleIt.git";
			requirement = {
				branch = main;
				kind = branch;
			};
		};
		B0B069F92CA2A4EE00A1BCB1 /* XCRemoteSwiftPackageReference "realm-swift" */ = {
			isa = XCRemoteSwiftPackageReference;
			repositoryURL = "https://github.com/realm/realm-swift.git";
			requirement = {
				kind = exactVersion;
				version = 10.54.0;
			};
		};
/* End XCRemoteSwiftPackageReference section */

/* Begin XCSwiftPackageProductDependency section */
		B0775D642CA814730013B68A /* SwiftUIIntrospect */ = {
			isa = XCSwiftPackageProductDependency;
			package = B0775D632CA814730013B68A /* XCRemoteSwiftPackageReference "swiftui-introspect" */;
			productName = SwiftUIIntrospect;
		};
		B0775D692CA829D00013B68A /* ShuffleDeck */ = {
			isa = XCSwiftPackageProductDependency;
			package = B0775D682CA829D00013B68A /* XCRemoteSwiftPackageReference "ShuffleIt" */;
			productName = ShuffleDeck;
		};
		B0775D6B2CA829D00013B68A /* ShuffleIt */ = {
			isa = XCSwiftPackageProductDependency;
			package = B0775D682CA829D00013B68A /* XCRemoteSwiftPackageReference "ShuffleIt" */;
			productName = ShuffleIt;
		};
		B0B069FA2CA2A4EE00A1BCB1 /* RealmSwift */ = {
			isa = XCSwiftPackageProductDependency;
			package = B0B069F92CA2A4EE00A1BCB1 /* XCRemoteSwiftPackageReference "realm-swift" */;
			productName = RealmSwift;
		};
/* End XCSwiftPackageProductDependency section */
	};
	rootObject = B0FBD50E2C940DE3009CC9FC /* Project object */;
}
